
Microsoft Visual Studio Solution File, Format Version 12.00
# Visual Studio Version 17
VisualStudioVersion = 17.14.36310.24 d17.14
MinimumVisualStudioVersion = 10.0.40219.1
Project("{FAE04EC0-301F-11D3-BF4B-00C04F79EFBC}") = "BaseMod.Core", "BaseMod.Core\BaseMod.Core.csproj", "{91F0566E-BEAE-6F25-2B86-1F43E72FC92D}"
EndProject
Project("{FAE04EC0-301F-11D3-BF4B-00C04F79EFBC}") = "YC.GameplayMod", "YC.GameplayMod\YC.GameplayMod.csproj", "{1B51830C-64F6-4333-A708-82CFC6C1592B}"
EndProject
Global
	GlobalSection(SolutionConfigurationPlatforms) = preSolution
		Debug|x64 = Debug|x64
		Release|x64 = Release|x64
	EndGlobalSection
	GlobalSection(ProjectConfigurationPlatforms) = postSolution
		{91F0566E-BEAE-6F25-2B86-1F43E72FC92D}.Debug|x64.ActiveCfg = Debug|x64
		{91F0566E-BEAE-6F25-2B86-1F43E72FC92D}.Debug|x64.Build.0 = Debug|x64
		{91F0566E-BEAE-6F25-2B86-1F43E72FC92D}.Release|x64.ActiveCfg = Release|x64
		{91F0566E-BEAE-6F25-2B86-1F43E72FC92D}.Release|x64.Build.0 = Release|x64
		{1B51830C-64F6-4333-A708-82CFC6C1592B}.Debug|x64.ActiveCfg = Debug|x64
		{1B51830C-64F6-4333-A708-82CFC6C1592B}.Debug|x64.Build.0 = Debug|x64
		{1B51830C-64F6-4333-A708-82CFC6C1592B}.Release|x64.ActiveCfg = Release|x64
		{1B51830C-64F6-4333-A708-82CFC6C1592B}.Release|x64.Build.0 = Release|x64
	EndGlobalSection
	GlobalSection(SolutionProperties) = preSolution
		HideSolutionNode = FALSE
	EndGlobalSection
	GlobalSection(ExtensibilityGlobals) = postSolution
		SolutionGuid = {505F2CA0-8B6F-45C5-BBE0-86ADD8DA21E4}
	EndGlobalSection
EndGlobal
